{
  "name": "njreloader",
  "version": "1.0.2",
  "lockfileVersion": 2,
  "requires": true,
  "packages": {
    "": {
      "name": "njreloader",
      "version": "1.0.2",
      "license": "ISC",
      "dependencies": {
        "njfile": "^1.0.1",
        "njsuper": "^1.0.0"
      }
    },
    "node_modules/njfile": {
      "version": "1.0.3",
      "resolved": "https://registry.npmjs.org/njfile/-/njfile-1.0.3.tgz",
      "integrity": "sha512-MrB38Rvfz0nE1TpaHgu/Ew+WOcY/26ZYkLQsmKjsmyJ9dbLimeW0dVY3JSYWgZRaB/yF9/fe1imvK7B2khEHpA==",
      "dependencies": {
        "njsuper": "^1.0.0"
      }
    },
    "node_modules/njsuper": {
      "version": "1.0.0",
      "resolved": "https://registry.npmjs.org/njsuper/-/njsuper-1.0.0.tgz",
      "integrity": "sha512-8X1BhRzlXfvUE6Lt2mniE2VmZbxkFGLEBRbjs3U6CKA81ZXdJkpq2A7QDbty9Qi1ORs9hhFB8+7+aZUWW50ptg=="
    }
  },
  "dependencies": {
    "njfile": {
      "version": "1.0.3",
      "resolved": "https://registry.npmjs.org/njfile/-/njfile-1.0.3.tgz",
      "integrity": "sha512-MrB38Rvfz0nE1TpaHgu/Ew+WOcY/26ZYkLQsmKjsmyJ9dbLimeW0dVY3JSYWgZRaB/yF9/fe1imvK7B2khEHpA==",
      "requires": {
        "njsuper": "^1.0.0"
      }
    },
    "njsuper": {
      "version": "1.0.0",
      "resolved": "https://registry.npmjs.org/njsuper/-/njsuper-1.0.0.tgz",
      "integrity": "sha512-8X1BhRzlXfvUE6Lt2mniE2VmZbxkFGLEBRbjs3U6CKA81ZXdJkpq2A7QDbty9Qi1ORs9hhFB8+7+aZUWW50ptg=="
    }
  }
}
