{
  "name": "njreloader",
  "version": "1.2.1",
  "lockfileVersion": 2,
  "requires": true,
  "packages": {
    "": {
      "name": "njreloader",
      "version": "1.2.1",
      "license": "ISC",
      "dependencies": {
        "njfile": "^1.0.5",
        "njsuper": "^1.0.0"
      }
    },
    "node_modules/njfile": {
      "version": "1.2.2",
      "resolved": "https://registry.npmjs.org/njfile/-/njfile-1.2.2.tgz",
      "integrity": "sha512-XzKjlJEcpwJwinUsej0OJASiHfF12Ffc5abWCQvELqtCXW8Hvikb9HqUCx0u5B+I+9gUGXzowzA57RpE1sGyOw==",
      "dependencies": {
        "njsuper": "^1.0.2"
      }
    },
    "node_modules/njsuper": {
      "version": "1.0.2",
      "resolved": "https://registry.npmjs.org/njsuper/-/njsuper-1.0.2.tgz",
      "integrity": "sha512-RU4C5jUzd0daEyFHtiCsXo9kjG5PYO/negNR9dCkosCeZSxjPZ9du5VciiuD7TO1gddRYVCX/1pXC+E5ZSOiFg=="
    }
  },
  "dependencies": {
    "njfile": {
      "version": "1.2.2",
      "resolved": "https://registry.npmjs.org/njfile/-/njfile-1.2.2.tgz",
      "integrity": "sha512-XzKjlJEcpwJwinUsej0OJASiHfF12Ffc5abWCQvELqtCXW8Hvikb9HqUCx0u5B+I+9gUGXzowzA57RpE1sGyOw==",
      "requires": {
        "njsuper": "^1.0.2"
      }
    },
    "njsuper": {
      "version": "1.0.2",
      "resolved": "https://registry.npmjs.org/njsuper/-/njsuper-1.0.2.tgz",
      "integrity": "sha512-RU4C5jUzd0daEyFHtiCsXo9kjG5PYO/negNR9dCkosCeZSxjPZ9du5VciiuD7TO1gddRYVCX/1pXC+E5ZSOiFg=="
    }
  }
}
